
Microsoft Visual Studio Solution File, Format Version 12.00
# Visual Studio Version 17
VisualStudioVersion = 17.12.35527.113
MinimumVisualStudioVersion = 10.0.40219.1
Project("{FAE04EC0-301F-11D3-BF4B-00C04F79EFBC}") = "AuthenticationApi.Domain", "AuthenticationApi.Domain\AuthenticationApi.Domain.csproj", "{495C2EB5-893E-4415-A831-64D1BB60860C}"
EndProject
Project("{FAE04EC0-301F-11D3-BF4B-00C04F79EFBC}") = "AuthenticationApi.Application", "AuthenticationApi.Application\AuthenticationApi.Application.csproj", "{8ED3A1A2-34AC-4052-8F64-4B75B3B2DCAA}"
EndProject
Project("{FAE04EC0-301F-11D3-BF4B-00C04F79EFBC}") = "AuthenticationApi.Infrastructure", "AuthenticationApi.Infrastructure\AuthenticationApi.Infrastructure.csproj", "{A9F0A053-5179-494A-A1C5-6A584222FC4A}"
EndProject
Project("{FAE04EC0-301F-11D3-BF4B-00C04F79EFBC}") = "AuthenticationApi.Presentation", "AuthenticationApi.Presentation\AuthenticationApi.Presentation.csproj", "{22B77839-126D-4CDE-A244-226D096A569C}"
EndProject
Project("{FAE04EC0-301F-11D3-BF4B-00C04F79EFBC}") = "eCommerce.SharedLibrary", "..\DemoECommerceSharedLibrarySolution\eCommerceSharedLibrary\eCommerce.SharedLibrary.csproj", "{97345451-181C-46BE-BAAF-5E1304E5342D}"
EndProject
Global
	GlobalSection(SolutionConfigurationPlatforms) = preSolution
		Debug|Any CPU = Debug|Any CPU
		Release|Any CPU = Release|Any CPU
	EndGlobalSection
	GlobalSection(ProjectConfigurationPlatforms) = postSolution
		{495C2EB5-893E-4415-A831-64D1BB60860C}.Debug|Any CPU.ActiveCfg = Debug|Any CPU
		{495C2EB5-893E-4415-A831-64D1BB60860C}.Debug|Any CPU.Build.0 = Debug|Any CPU
		{495C2EB5-893E-4415-A831-64D1BB60860C}.Release|Any CPU.ActiveCfg = Release|Any CPU
		{495C2EB5-893E-4415-A831-64D1BB60860C}.Release|Any CPU.Build.0 = Release|Any CPU
		{8ED3A1A2-34AC-4052-8F64-4B75B3B2DCAA}.Debug|Any CPU.ActiveCfg = Debug|Any CPU
		{8ED3A1A2-34AC-4052-8F64-4B75B3B2DCAA}.Debug|Any CPU.Build.0 = Debug|Any CPU
		{8ED3A1A2-34AC-4052-8F64-4B75B3B2DCAA}.Release|Any CPU.ActiveCfg = Release|Any CPU
		{8ED3A1A2-34AC-4052-8F64-4B75B3B2DCAA}.Release|Any CPU.Build.0 = Release|Any CPU
		{A9F0A053-5179-494A-A1C5-6A584222FC4A}.Debug|Any CPU.ActiveCfg = Debug|Any CPU
		{A9F0A053-5179-494A-A1C5-6A584222FC4A}.Debug|Any CPU.Build.0 = Debug|Any CPU
		{A9F0A053-5179-494A-A1C5-6A584222FC4A}.Release|Any CPU.ActiveCfg = Release|Any CPU
		{A9F0A053-5179-494A-A1C5-6A584222FC4A}.Release|Any CPU.Build.0 = Release|Any CPU
		{22B77839-126D-4CDE-A244-226D096A569C}.Debug|Any CPU.ActiveCfg = Debug|Any CPU
		{22B77839-126D-4CDE-A244-226D096A569C}.Debug|Any CPU.Build.0 = Debug|Any CPU
		{22B77839-126D-4CDE-A244-226D096A569C}.Release|Any CPU.ActiveCfg = Release|Any CPU
		{22B77839-126D-4CDE-A244-226D096A569C}.Release|Any CPU.Build.0 = Release|Any CPU
		{97345451-181C-46BE-BAAF-5E1304E5342D}.Debug|Any CPU.ActiveCfg = Debug|Any CPU
		{97345451-181C-46BE-BAAF-5E1304E5342D}.Debug|Any CPU.Build.0 = Debug|Any CPU
		{97345451-181C-46BE-BAAF-5E1304E5342D}.Release|Any CPU.ActiveCfg = Release|Any CPU
		{97345451-181C-46BE-BAAF-5E1304E5342D}.Release|Any CPU.Build.0 = Release|Any CPU
	EndGlobalSection
	GlobalSection(SolutionProperties) = preSolution
		HideSolutionNode = FALSE
	EndGlobalSection
EndGlobal
